{
  "name": "deuk-agent-flow",
  "version": "5.0.2",
  "lockfileVersion": 3,
  "requires": true,
  "packages": {
    "": {
      "name": "deuk-agent-flow",
      "version": "5.0.2",
      "license": "Apache-2.0",
      "dependencies": {
        "ejs": "^5.0.2",
        "xstate": "^5.32.1",
        "yaml": "^2.8.3"
      },
      "bin": {
        "deuk-agent-flow": "bin/deuk-agent-flow.js",
        "deuk-agent-rule": "bin/deuk-agent-rule.js",
        "deukagentflow": "bin/deuk-agent-flow.js",
        "deukagentrule": "bin/deuk-agent-rule.js"
      },
      "engines": {
        "node": ">=20"
      }
    },
    "node_modules/ejs": {
      "version": "5.0.2",
      "resolved": "https://registry.npmjs.org/ejs/-/ejs-5.0.2.tgz",
      "integrity": "sha512-IpbUaI/CAW86l3f+T8zN0iggSc0LmMZLcIW5eRVStLVNCoTXkE0YlncbbH50fp8Cl6zHIky0sW2uUbhBqGw0Jw==",
      "bin": {
        "ejs": "bin/cli.js"
      },
      "engines": {
        "node": ">=0.12.18"
      }
    },
    "node_modules/xstate": {
      "version": "5.32.1",
      "resolved": "https://registry.npmjs.org/xstate/-/xstate-5.32.1.tgz",
      "integrity": "sha512-IGX9q5vEOplWjVq79edfgjJfVV/lXCup9p/fQGgUabAveZrlRwWJ/mC2iZEE7wswXbWITBCoS7gmoFfcuWAwsQ==",
      "license": "MIT",
      "funding": {
        "type": "opencollective",
        "url": "https://opencollective.com/xstate"
      }
    },
    "node_modules/yaml": {
      "version": "2.8.3",
      "resolved": "https://registry.npmjs.org/yaml/-/yaml-2.8.3.tgz",
      "integrity": "sha512-AvbaCLOO2Otw/lW5bmh9d/WEdcDFdQp2Z2ZUH3pX9U2ihyUY0nvLv7J6TrWowklRGPYbB/IuIMfYgxaCPg5Bpg==",
      "bin": {
        "yaml": "bin.mjs"
      },
      "engines": {
        "node": ">= 14.6"
      },
      "funding": {
        "url": "https://github.com/sponsors/eemeli"
      }
    }
  }
}
